
Microsoft Visual Studio Solution File, Format Version 12.00
# Visual Studio Version 17
VisualStudioVersion = 17.5.33530.505
MinimumVisualStudioVersion = 10.0.40219.1
Project("{9A19103F-16F7-4668-BE54-9A1E7A4F7556}") = "VoIPer", "VoIPer\VoIPer.csproj", "{C79913F4-032D-451F-9540-8C753E1CCED4}"
EndProject
Project("{9A19103F-16F7-4668-BE54-9A1E7A4F7556}") = "UI", "UI\UI.csproj", "{1B7D844F-DE09-44AD-B14B-C9F5C7FAA329}"
EndProject
Project("{FAE04EC0-301F-11D3-BF4B-00C04F79EFBC}") = "Experimental", "Experimental\Experimental.csproj", "{C04B4F1E-B1A2-49BD-8E07-AE6FF57AABEE}"
EndProject
Global
	GlobalSection(SolutionConfigurationPlatforms) = preSolution
		Debug|Any CPU = Debug|Any CPU
		Release|Any CPU = Release|Any CPU
	EndGlobalSection
	GlobalSection(ProjectConfigurationPlatforms) = postSolution
		{C79913F4-032D-451F-9540-8C753E1CCED4}.Debug|Any CPU.ActiveCfg = Debug|Any CPU
		{C79913F4-032D-451F-9540-8C753E1CCED4}.Debug|Any CPU.Build.0 = Debug|Any CPU
		{C79913F4-032D-451F-9540-8C753E1CCED4}.Release|Any CPU.ActiveCfg = Release|Any CPU
		{C79913F4-032D-451F-9540-8C753E1CCED4}.Release|Any CPU.Build.0 = Release|Any CPU
		{1B7D844F-DE09-44AD-B14B-C9F5C7FAA329}.Debug|Any CPU.ActiveCfg = Debug|Any CPU
		{1B7D844F-DE09-44AD-B14B-C9F5C7FAA329}.Debug|Any CPU.Build.0 = Debug|Any CPU
		{1B7D844F-DE09-44AD-B14B-C9F5C7FAA329}.Release|Any CPU.ActiveCfg = Release|Any CPU
		{1B7D844F-DE09-44AD-B14B-C9F5C7FAA329}.Release|Any CPU.Build.0 = Release|Any CPU
		{C04B4F1E-B1A2-49BD-8E07-AE6FF57AABEE}.Debug|Any CPU.ActiveCfg = Debug|Any CPU
		{C04B4F1E-B1A2-49BD-8E07-AE6FF57AABEE}.Debug|Any CPU.Build.0 = Debug|Any CPU
		{C04B4F1E-B1A2-49BD-8E07-AE6FF57AABEE}.Release|Any CPU.ActiveCfg = Release|Any CPU
		{C04B4F1E-B1A2-49BD-8E07-AE6FF57AABEE}.Release|Any CPU.Build.0 = Release|Any CPU
	EndGlobalSection
	GlobalSection(SolutionProperties) = preSolution
		HideSolutionNode = FALSE
	EndGlobalSection
	GlobalSection(ExtensibilityGlobals) = postSolution
		SolutionGuid = {6544DA14-6FC2-4619-8F02-A77A3561C8C3}
	EndGlobalSection
EndGlobal
